
Microsoft Visual Studio Solution File, Format Version 12.00
# Visual Studio Version 16
VisualStudioVersion = 16.0.29613.14
MinimumVisualStudioVersion = 10.0.40219.1
Project("{FAE04EC0-301F-11D3-BF4B-00C04F79EFBC}") = "Partial Sums with threading", "threading\Partial Sums with threading.csproj", "{50576D46-F0BF-4CA3-87E8-3DEC752BDA79}"
EndProject
Project("{FAE04EC0-301F-11D3-BF4B-00C04F79EFBC}") = "Sum of n vectors having size m", "Sum of a vector\Sum of n vectors having size m.csproj", "{DDE95772-B05B-47E1-A942-F657AFFD5ED0}"
EndProject
Project("{FAE04EC0-301F-11D3-BF4B-00C04F79EFBC}") = "Parallel Quicksort", "MPI Quicksort\Parallel Quicksort.csproj", "{F32EEFA6-709A-4F66-BC2C-A30DCE5A7DB2}"
EndProject
Project("{FAE04EC0-301F-11D3-BF4B-00C04F79EFBC}") = "Simple Parallel Quicksort", "Simple Parallel Quicksort\Simple Parallel Quicksort.csproj", "{6A477BD7-AD63-4544-8018-1CA33DB2E0A1}"
EndProject
Project("{FAE04EC0-301F-11D3-BF4B-00C04F79EFBC}") = "Parallel Mergesort", "Parallel Mergesort\Parallel Mergesort.csproj", "{44835DEB-FD63-48B0-89C7-69BDB14E1CF6}"
EndProject
Project("{FAE04EC0-301F-11D3-BF4B-00C04F79EFBC}") = "Permutations of N", "Permutations of N\Permutations of N.csproj", "{A39CA4EF-EA60-493A-89E6-597CB0F2E905}"
EndProject
Global
	GlobalSection(SolutionConfigurationPlatforms) = preSolution
		Debug|Any CPU = Debug|Any CPU
		Debug|x64 = Debug|x64
		Debug|x86 = Debug|x86
		Release|Any CPU = Release|Any CPU
		Release|x64 = Release|x64
		Release|x86 = Release|x86
	EndGlobalSection
	GlobalSection(ProjectConfigurationPlatforms) = postSolution
		{50576D46-F0BF-4CA3-87E8-3DEC752BDA79}.Debug|Any CPU.ActiveCfg = Debug|Any CPU
		{50576D46-F0BF-4CA3-87E8-3DEC752BDA79}.Debug|Any CPU.Build.0 = Debug|Any CPU
		{50576D46-F0BF-4CA3-87E8-3DEC752BDA79}.Debug|x64.ActiveCfg = Debug|Any CPU
		{50576D46-F0BF-4CA3-87E8-3DEC752BDA79}.Debug|x64.Build.0 = Debug|Any CPU
		{50576D46-F0BF-4CA3-87E8-3DEC752BDA79}.Debug|x86.ActiveCfg = Debug|Any CPU
		{50576D46-F0BF-4CA3-87E8-3DEC752BDA79}.Debug|x86.Build.0 = Debug|Any CPU
		{50576D46-F0BF-4CA3-87E8-3DEC752BDA79}.Release|Any CPU.ActiveCfg = Release|Any CPU
		{50576D46-F0BF-4CA3-87E8-3DEC752BDA79}.Release|Any CPU.Build.0 = Release|Any CPU
		{50576D46-F0BF-4CA3-87E8-3DEC752BDA79}.Release|x64.ActiveCfg = Release|Any CPU
		{50576D46-F0BF-4CA3-87E8-3DEC752BDA79}.Release|x64.Build.0 = Release|Any CPU
		{50576D46-F0BF-4CA3-87E8-3DEC752BDA79}.Release|x86.ActiveCfg = Release|Any CPU
		{50576D46-F0BF-4CA3-87E8-3DEC752BDA79}.Release|x86.Build.0 = Release|Any CPU
		{DDE95772-B05B-47E1-A942-F657AFFD5ED0}.Debug|Any CPU.ActiveCfg = Debug|Any CPU
		{DDE95772-B05B-47E1-A942-F657AFFD5ED0}.Debug|Any CPU.Build.0 = Debug|Any CPU
		{DDE95772-B05B-47E1-A942-F657AFFD5ED0}.Debug|x64.ActiveCfg = Debug|Any CPU
		{DDE95772-B05B-47E1-A942-F657AFFD5ED0}.Debug|x64.Build.0 = Debug|Any CPU
		{DDE95772-B05B-47E1-A942-F657AFFD5ED0}.Debug|x86.ActiveCfg = Debug|Any CPU
		{DDE95772-B05B-47E1-A942-F657AFFD5ED0}.Debug|x86.Build.0 = Debug|Any CPU
		{DDE95772-B05B-47E1-A942-F657AFFD5ED0}.Release|Any CPU.ActiveCfg = Release|Any CPU
		{DDE95772-B05B-47E1-A942-F657AFFD5ED0}.Release|Any CPU.Build.0 = Release|Any CPU
		{DDE95772-B05B-47E1-A942-F657AFFD5ED0}.Release|x64.ActiveCfg = Release|Any CPU
		{DDE95772-B05B-47E1-A942-F657AFFD5ED0}.Release|x64.Build.0 = Release|Any CPU
		{DDE95772-B05B-47E1-A942-F657AFFD5ED0}.Release|x86.ActiveCfg = Release|Any CPU
		{DDE95772-B05B-47E1-A942-F657AFFD5ED0}.Release|x86.Build.0 = Release|Any CPU
		{F32EEFA6-709A-4F66-BC2C-A30DCE5A7DB2}.Debug|Any CPU.ActiveCfg = Debug|Any CPU
		{F32EEFA6-709A-4F66-BC2C-A30DCE5A7DB2}.Debug|Any CPU.Build.0 = Debug|Any CPU
		{F32EEFA6-709A-4F66-BC2C-A30DCE5A7DB2}.Debug|x64.ActiveCfg = Debug|Any CPU
		{F32EEFA6-709A-4F66-BC2C-A30DCE5A7DB2}.Debug|x64.Build.0 = Debug|Any CPU
		{F32EEFA6-709A-4F66-BC2C-A30DCE5A7DB2}.Debug|x86.ActiveCfg = Debug|Any CPU
		{F32EEFA6-709A-4F66-BC2C-A30DCE5A7DB2}.Debug|x86.Build.0 = Debug|Any CPU
		{F32EEFA6-709A-4F66-BC2C-A30DCE5A7DB2}.Release|Any CPU.ActiveCfg = Release|Any CPU
		{F32EEFA6-709A-4F66-BC2C-A30DCE5A7DB2}.Release|Any CPU.Build.0 = Release|Any CPU
		{F32EEFA6-709A-4F66-BC2C-A30DCE5A7DB2}.Release|x64.ActiveCfg = Release|Any CPU
		{F32EEFA6-709A-4F66-BC2C-A30DCE5A7DB2}.Release|x64.Build.0 = Release|Any CPU
		{F32EEFA6-709A-4F66-BC2C-A30DCE5A7DB2}.Release|x86.ActiveCfg = Release|Any CPU
		{F32EEFA6-709A-4F66-BC2C-A30DCE5A7DB2}.Release|x86.Build.0 = Release|Any CPU
		{6A477BD7-AD63-4544-8018-1CA33DB2E0A1}.Debug|Any CPU.ActiveCfg = Debug|Any CPU
		{6A477BD7-AD63-4544-8018-1CA33DB2E0A1}.Debug|Any CPU.Build.0 = Debug|Any CPU
		{6A477BD7-AD63-4544-8018-1CA33DB2E0A1}.Debug|x64.ActiveCfg = Debug|Any CPU
		{6A477BD7-AD63-4544-8018-1CA33DB2E0A1}.Debug|x64.Build.0 = Debug|Any CPU
		{6A477BD7-AD63-4544-8018-1CA33DB2E0A1}.Debug|x86.ActiveCfg = Debug|Any CPU
		{6A477BD7-AD63-4544-8018-1CA33DB2E0A1}.Debug|x86.Build.0 = Debug|Any CPU
		{6A477BD7-AD63-4544-8018-1CA33DB2E0A1}.Release|Any CPU.ActiveCfg = Release|Any CPU
		{6A477BD7-AD63-4544-8018-1CA33DB2E0A1}.Release|Any CPU.Build.0 = Release|Any CPU
		{6A477BD7-AD63-4544-8018-1CA33DB2E0A1}.Release|x64.ActiveCfg = Release|Any CPU
		{6A477BD7-AD63-4544-8018-1CA33DB2E0A1}.Release|x64.Build.0 = Release|Any CPU
		{6A477BD7-AD63-4544-8018-1CA33DB2E0A1}.Release|x86.ActiveCfg = Release|Any CPU
		{6A477BD7-AD63-4544-8018-1CA33DB2E0A1}.Release|x86.Build.0 = Release|Any CPU
		{44835DEB-FD63-48B0-89C7-69BDB14E1CF6}.Debug|Any CPU.ActiveCfg = Debug|Any CPU
		{44835DEB-FD63-48B0-89C7-69BDB14E1CF6}.Debug|Any CPU.Build.0 = Debug|Any CPU
		{44835DEB-FD63-48B0-89C7-69BDB14E1CF6}.Debug|x64.ActiveCfg = Debug|Any CPU
		{44835DEB-FD63-48B0-89C7-69BDB14E1CF6}.Debug|x64.Build.0 = Debug|Any CPU
		{44835DEB-FD63-48B0-89C7-69BDB14E1CF6}.Debug|x86.ActiveCfg = Debug|Any CPU
		{44835DEB-FD63-48B0-89C7-69BDB14E1CF6}.Debug|x86.Build.0 = Debug|Any CPU
		{44835DEB-FD63-48B0-89C7-69BDB14E1CF6}.Release|Any CPU.ActiveCfg = Release|Any CPU
		{44835DEB-FD63-48B0-89C7-69BDB14E1CF6}.Release|Any CPU.Build.0 = Release|Any CPU
		{44835DEB-FD63-48B0-89C7-69BDB14E1CF6}.Release|x64.ActiveCfg = Release|Any CPU
		{44835DEB-FD63-48B0-89C7-69BDB14E1CF6}.Release|x64.Build.0 = Release|Any CPU
		{44835DEB-FD63-48B0-89C7-69BDB14E1CF6}.Release|x86.ActiveCfg = Release|Any CPU
		{44835DEB-FD63-48B0-89C7-69BDB14E1CF6}.Release|x86.Build.0 = Release|Any CPU
		{A39CA4EF-EA60-493A-89E6-597CB0F2E905}.Debug|Any CPU.ActiveCfg = Debug|Any CPU
		{A39CA4EF-EA60-493A-89E6-597CB0F2E905}.Debug|Any CPU.Build.0 = Debug|Any CPU
		{A39CA4EF-EA60-493A-89E6-597CB0F2E905}.Debug|x64.ActiveCfg = Debug|Any CPU
		{A39CA4EF-EA60-493A-89E6-597CB0F2E905}.Debug|x64.Build.0 = Debug|Any CPU
		{A39CA4EF-EA60-493A-89E6-597CB0F2E905}.Debug|x86.ActiveCfg = Debug|Any CPU
		{A39CA4EF-EA60-493A-89E6-597CB0F2E905}.Debug|x86.Build.0 = Debug|Any CPU
		{A39CA4EF-EA60-493A-89E6-597CB0F2E905}.Release|Any CPU.ActiveCfg = Release|Any CPU
		{A39CA4EF-EA60-493A-89E6-597CB0F2E905}.Release|Any CPU.Build.0 = Release|Any CPU
		{A39CA4EF-EA60-493A-89E6-597CB0F2E905}.Release|x64.ActiveCfg = Release|Any CPU
		{A39CA4EF-EA60-493A-89E6-597CB0F2E905}.Release|x64.Build.0 = Release|Any CPU
		{A39CA4EF-EA60-493A-89E6-597CB0F2E905}.Release|x86.ActiveCfg = Release|Any CPU
		{A39CA4EF-EA60-493A-89E6-597CB0F2E905}.Release|x86.Build.0 = Release|Any CPU
	EndGlobalSection
	GlobalSection(SolutionProperties) = preSolution
		HideSolutionNode = FALSE
	EndGlobalSection
	GlobalSection(ExtensibilityGlobals) = postSolution
		SolutionGuid = {3C618EC7-317D-49E1-9247-190B61A93A16}
	EndGlobalSection
EndGlobal
