
Microsoft Visual Studio Solution File, Format Version 12.00
# Visual Studio 15
VisualStudioVersion = 15.0.27428.2002
MinimumVisualStudioVersion = 10.0.40219.1
Project("{FAE04EC0-301F-11D3-BF4B-00C04F79EFBC}") = "MatrixOperations", "MatrixOperations\MatrixOperations.csproj", "{D59CA55F-9A20-4903-957A-6F5F7162CA45}"
EndProject
Global
	GlobalSection(SolutionConfigurationPlatforms) = preSolution
		Debug|Any CPU = Debug|Any CPU
		Release|Any CPU = Release|Any CPU
	EndGlobalSection
	GlobalSection(ProjectConfigurationPlatforms) = postSolution
		{D59CA55F-9A20-4903-957A-6F5F7162CA45}.Debug|Any CPU.ActiveCfg = Debug|Any CPU
		{D59CA55F-9A20-4903-957A-6F5F7162CA45}.Debug|Any CPU.Build.0 = Debug|Any CPU
		{D59CA55F-9A20-4903-957A-6F5F7162CA45}.Release|Any CPU.ActiveCfg = Release|Any CPU
		{D59CA55F-9A20-4903-957A-6F5F7162CA45}.Release|Any CPU.Build.0 = Release|Any CPU
	EndGlobalSection
	GlobalSection(SolutionProperties) = preSolution
		HideSolutionNode = FALSE
	EndGlobalSection
	GlobalSection(ExtensibilityGlobals) = postSolution
		SolutionGuid = {335029ED-FC3B-4BE7-8657-F83A1B4DF18F}
	EndGlobalSection
EndGlobal
