
Microsoft Visual Studio Solution File, Format Version 12.00
# Visual Studio Version 16
VisualStudioVersion = 16.0.29613.14
MinimumVisualStudioVersion = 10.0.40219.1
Project("{FAE04EC0-301F-11D3-BF4B-00C04F79EFBC}") = "Lab9", "Lab9\Lab9.csproj", "{B75BF37F-9C6C-4CD7-A5E1-71B3F0BE9421}"
EndProject
Global
	GlobalSection(SolutionConfigurationPlatforms) = preSolution
		Debug|Any CPU = Debug|Any CPU
		Release|Any CPU = Release|Any CPU
	EndGlobalSection
	GlobalSection(ProjectConfigurationPlatforms) = postSolution
		{B75BF37F-9C6C-4CD7-A5E1-71B3F0BE9421}.Debug|Any CPU.ActiveCfg = Debug|Any CPU
		{B75BF37F-9C6C-4CD7-A5E1-71B3F0BE9421}.Debug|Any CPU.Build.0 = Debug|Any CPU
		{B75BF37F-9C6C-4CD7-A5E1-71B3F0BE9421}.Release|Any CPU.ActiveCfg = Release|Any CPU
		{B75BF37F-9C6C-4CD7-A5E1-71B3F0BE9421}.Release|Any CPU.Build.0 = Release|Any CPU
	EndGlobalSection
	GlobalSection(SolutionProperties) = preSolution
		HideSolutionNode = FALSE
	EndGlobalSection
	GlobalSection(ExtensibilityGlobals) = postSolution
		SolutionGuid = {15EF0686-3C88-463E-A917-340C74DBCE88}
	EndGlobalSection
EndGlobal
