
Microsoft Visual Studio Solution File, Format Version 12.00
# Visual Studio Version 16
VisualStudioVersion = 16.0.29613.14
MinimumVisualStudioVersion = 10.0.40219.1
Project("{FAE04EC0-301F-11D3-BF4B-00C04F79EFBC}") = "PDP Project", "PDP Project\PDP Project.csproj", "{395DA948-20E7-406D-9A87-1B30A6E67299}"
EndProject
Project("{FAE04EC0-301F-11D3-BF4B-00C04F79EFBC}") = "PDP Project MPI", "PDP Project MPI\PDP Project MPI.csproj", "{210C9E51-E653-4756-8A11-5C844085CFFD}"
EndProject
Global
	GlobalSection(SolutionConfigurationPlatforms) = preSolution
		Debug|Any CPU = Debug|Any CPU
		Debug|x64 = Debug|x64
		Debug|x86 = Debug|x86
		Release|Any CPU = Release|Any CPU
		Release|x64 = Release|x64
		Release|x86 = Release|x86
	EndGlobalSection
	GlobalSection(ProjectConfigurationPlatforms) = postSolution
		{395DA948-20E7-406D-9A87-1B30A6E67299}.Debug|Any CPU.ActiveCfg = Debug|Any CPU
		{395DA948-20E7-406D-9A87-1B30A6E67299}.Debug|Any CPU.Build.0 = Debug|Any CPU
		{395DA948-20E7-406D-9A87-1B30A6E67299}.Debug|x64.ActiveCfg = Debug|Any CPU
		{395DA948-20E7-406D-9A87-1B30A6E67299}.Debug|x64.Build.0 = Debug|Any CPU
		{395DA948-20E7-406D-9A87-1B30A6E67299}.Debug|x86.ActiveCfg = Debug|Any CPU
		{395DA948-20E7-406D-9A87-1B30A6E67299}.Debug|x86.Build.0 = Debug|Any CPU
		{395DA948-20E7-406D-9A87-1B30A6E67299}.Release|Any CPU.ActiveCfg = Release|Any CPU
		{395DA948-20E7-406D-9A87-1B30A6E67299}.Release|Any CPU.Build.0 = Release|Any CPU
		{395DA948-20E7-406D-9A87-1B30A6E67299}.Release|x64.ActiveCfg = Release|Any CPU
		{395DA948-20E7-406D-9A87-1B30A6E67299}.Release|x64.Build.0 = Release|Any CPU
		{395DA948-20E7-406D-9A87-1B30A6E67299}.Release|x86.ActiveCfg = Release|Any CPU
		{395DA948-20E7-406D-9A87-1B30A6E67299}.Release|x86.Build.0 = Release|Any CPU
		{210C9E51-E653-4756-8A11-5C844085CFFD}.Debug|Any CPU.ActiveCfg = Debug|Any CPU
		{210C9E51-E653-4756-8A11-5C844085CFFD}.Debug|Any CPU.Build.0 = Debug|Any CPU
		{210C9E51-E653-4756-8A11-5C844085CFFD}.Debug|x64.ActiveCfg = Debug|Any CPU
		{210C9E51-E653-4756-8A11-5C844085CFFD}.Debug|x64.Build.0 = Debug|Any CPU
		{210C9E51-E653-4756-8A11-5C844085CFFD}.Debug|x86.ActiveCfg = Debug|Any CPU
		{210C9E51-E653-4756-8A11-5C844085CFFD}.Debug|x86.Build.0 = Debug|Any CPU
		{210C9E51-E653-4756-8A11-5C844085CFFD}.Release|Any CPU.ActiveCfg = Release|Any CPU
		{210C9E51-E653-4756-8A11-5C844085CFFD}.Release|Any CPU.Build.0 = Release|Any CPU
		{210C9E51-E653-4756-8A11-5C844085CFFD}.Release|x64.ActiveCfg = Release|Any CPU
		{210C9E51-E653-4756-8A11-5C844085CFFD}.Release|x64.Build.0 = Release|Any CPU
		{210C9E51-E653-4756-8A11-5C844085CFFD}.Release|x86.ActiveCfg = Release|Any CPU
		{210C9E51-E653-4756-8A11-5C844085CFFD}.Release|x86.Build.0 = Release|Any CPU
	EndGlobalSection
	GlobalSection(SolutionProperties) = preSolution
		HideSolutionNode = FALSE
	EndGlobalSection
	GlobalSection(ExtensibilityGlobals) = postSolution
		SolutionGuid = {CA408440-7261-4533-9BD5-B47F39DF91DB}
	EndGlobalSection
EndGlobal
